
Microsoft Visual Studio Solution File, Format Version 12.00
# Visual Studio Version 16
VisualStudioVersion = 25.0.1706.12
MinimumVisualStudioVersion = 10.0.40219.1
Project("{FAE04EC0-301F-11D3-BF4B-00C04F79EFBC}") = "Lingo", "Lingo\Lingo.csproj", "{555A500D-973E-47E7-8A6B-383935C1F74D}"
EndProject
Global
	GlobalSection(SolutionConfigurationPlatforms) = preSolution
		Debug|Any CPU = Debug|Any CPU
		Release|Any CPU = Release|Any CPU
	EndGlobalSection
	GlobalSection(ProjectConfigurationPlatforms) = postSolution
		{555A500D-973E-47E7-8A6B-383935C1F74D}.Debug|Any CPU.ActiveCfg = Debug|Any CPU
		{555A500D-973E-47E7-8A6B-383935C1F74D}.Debug|Any CPU.Build.0 = Debug|Any CPU
		{555A500D-973E-47E7-8A6B-383935C1F74D}.Release|Any CPU.ActiveCfg = Release|Any CPU
		{555A500D-973E-47E7-8A6B-383935C1F74D}.Release|Any CPU.Build.0 = Release|Any CPU
	EndGlobalSection
	GlobalSection(SolutionProperties) = preSolution
		HideSolutionNode = FALSE
	EndGlobalSection
	GlobalSection(ExtensibilityGlobals) = postSolution
		SolutionGuid = {44E1E5A7-C232-4554-9E51-A2136131E632}
	EndGlobalSection
EndGlobal
